// !$*UTF8*$!
{
	archiveVersion = 1;
	classes = {
	};
	objectVersion = 50;
	objects = {

/* Begin PBXBuildFile section */
		B41121FF2370DBC6003002F0 /* AppDelegate.swift in Sources */ = {isa = PBXBuildFile; fileRef = B41121FE2370DBC6003002F0 /* AppDelegate.swift */; };
		B41122012370DBC6003002F0 /* SceneDelegate.swift in Sources */ = {isa = PBXBuildFile; fileRef = B41122002370DBC6003002F0 /* SceneDelegate.swift */; };
		B41122032370DBC6003002F0 /* MBButtonVC.swift in Sources */ = {isa = PBXBuildFile; fileRef = B41122022370DBC6003002F0 /* MBButtonVC.swift */; };
		B41122062370DBC6003002F0 /* Main.storyboard in Resources */ = {isa = PBXBuildFile; fileRef = B41122042370DBC6003002F0 /* Main.storyboard */; };
		B41122082370DBCC003002F0 /* Assets.xcassets in Resources */ = {isa = PBXBuildFile; fileRef = B41122072370DBCC003002F0 /* Assets.xcassets */; };
		B411220B2370DBCC003002F0 /* LaunchScreen.storyboard in Resources */ = {isa = PBXBuildFile; fileRef = B41122092370DBCC003002F0 /* LaunchScreen.storyboard */; };
		B41122132370DC13003002F0 /* MBButton.swift in Sources */ = {isa = PBXBuildFile; fileRef = B41122122370DC13003002F0 /* MBButton.swift */; };
		B4112216237156F8003002F0 /* Color.swift in Sources */ = {isa = PBXBuildFile; fileRef = B4112215237156F8003002F0 /* Color.swift */; };
/* End PBXBuildFile section */

/* Begin PBXFileReference section */
		B41121FB2370DBC6003002F0 /* CustomUIButton.app */ = {isa = PBXFileReference; explicitFileType = wrapper.application; includeInIndex = 0; path = CustomUIButton.app; sourceTree = BUILT_PRODUCTS_DIR; };
		B41121FE2370DBC6003002F0 /* AppDelegate.swift */ = {isa = PBXFileReference; lastKnownFileType = sourcecode.swift; path = AppDelegate.swift; sourceTree = "<group>"; };
		B41122002370DBC6003002F0 /* SceneDelegate.swift */ = {isa = PBXFileReference; lastKnownFileType = sourcecode.swift; path = SceneDelegate.swift; sourceTree = "<group>"; };
		B41122022370DBC6003002F0 /* MBButtonVC.swift */ = {isa = PBXFileReference; lastKnownFileType = sourcecode.swift; path = MBButtonVC.swift; sourceTree = "<group>"; };
		B41122052370DBC6003002F0 /* Base */ = {isa = PBXFileReference; lastKnownFileType = file.storyboard; name = Base; path = Base.lproj/Main.storyboard; sourceTree = "<group>"; };
		B41122072370DBCC003002F0 /* Assets.xcassets */ = {isa = PBXFileReference; lastKnownFileType = folder.assetcatalog; path = Assets.xcassets; sourceTree = "<group>"; };
		B411220A2370DBCC003002F0 /* Base */ = {isa = PBXFileReference; lastKnownFileType = file.storyboard; name = Base; path = Base.lproj/LaunchScreen.storyboard; sourceTree = "<group>"; };
		B411220C2370DBCC003002F0 /* Info.plist */ = {isa = PBXFileReference; lastKnownFileType = text.plist.xml; path = Info.plist; sourceTree = "<group>"; };
		B41122122370DC13003002F0 /* MBButton.swift */ = {isa = PBXFileReference; lastKnownFileType = sourcecode.swift; path = MBButton.swift; sourceTree = "<group>"; };
		B4112215237156F8003002F0 /* Color.swift */ = {isa = PBXFileReference; lastKnownFileType = sourcecode.swift; path = Color.swift; sourceTree = "<group>"; };
/* End PBXFileReference section */

/* Begin PBXFrameworksBuildPhase section */
		B41121F82370DBC6003002F0 /* Frameworks */ = {
			isa = PBXFrameworksBuildPhase;
			buildActionMask = 2147483647;
			files = (
			);
			runOnlyForDeploymentPostprocessing = 0;
		};
/* End PBXFrameworksBuildPhase section */

/* Begin PBXGroup section */
		B41121F22370DBC6003002F0 = {
			isa = PBXGroup;
			children = (
				B41121FD2370DBC6003002F0 /* CustomUIButton */,
				B41121FC2370DBC6003002F0 /* Products */,
			);
			sourceTree = "<group>";
		};
		B41121FC2370DBC6003002F0 /* Products */ = {
			isa = PBXGroup;
			children = (
				B41121FB2370DBC6003002F0 /* CustomUIButton.app */,
			);
			name = Products;
			sourceTree = "<group>";
		};
		B41121FD2370DBC6003002F0 /* CustomUIButton */ = {
			isa = PBXGroup;
			children = (
				B411221723715743003002F0 /* View */,
				B4112214237156D9003002F0 /* Model */,
				B41121FE2370DBC6003002F0 /* AppDelegate.swift */,
				B41122002370DBC6003002F0 /* SceneDelegate.swift */,
				B41122042370DBC6003002F0 /* Main.storyboard */,
				B41122072370DBCC003002F0 /* Assets.xcassets */,
				B41122092370DBCC003002F0 /* LaunchScreen.storyboard */,
				B411220C2370DBCC003002F0 /* Info.plist */,
			);
			path = CustomUIButton;
			sourceTree = "<group>";
		};
		B4112214237156D9003002F0 /* Model */ = {
			isa = PBXGroup;
			children = (
				B41122122370DC13003002F0 /* MBButton.swift */,
				B4112215237156F8003002F0 /* Color.swift */,
			);
			path = Model;
			sourceTree = "<group>";
		};
		B411221723715743003002F0 /* View */ = {
			isa = PBXGroup;
			children = (
				B41122022370DBC6003002F0 /* MBButtonVC.swift */,
			);
			path = View;
			sourceTree = "<group>";
		};
/* End PBXGroup section */

/* Begin PBXNativeTarget section */
		B41121FA2370DBC6003002F0 /* CustomUIButton */ = {
			isa = PBXNativeTarget;
			buildConfigurationList = B411220F2370DBCC003002F0 /* Build configuration list for PBXNativeTarget "CustomUIButton" */;
			buildPhases = (
				B41121F72370DBC6003002F0 /* Sources */,
				B41121F82370DBC6003002F0 /* Frameworks */,
				B41121F92370DBC6003002F0 /* Resources */,
			);
			buildRules = (
			);
			dependencies = (
			);
			name = CustomUIButton;
			productName = CustomUIButton;
			productReference = B41121FB2370DBC6003002F0 /* CustomUIButton.app */;
			productType = "com.apple.product-type.application";
		};
/* End PBXNativeTarget section */

/* Begin PBXProject section */
		B41121F32370DBC6003002F0 /* Project object */ = {
			isa = PBXProject;
			attributes = {
				LastSwiftUpdateCheck = 1120;
				LastUpgradeCheck = 1120;
				ORGANIZATIONNAME = "Massimiliano Bonafede";
				TargetAttributes = {
					B41121FA2370DBC6003002F0 = {
						CreatedOnToolsVersion = 11.2;
					};
				};
			};
			buildConfigurationList = B41121F62370DBC6003002F0 /* Build configuration list for PBXProject "CustomUIButton" */;
			compatibilityVersion = "Xcode 9.3";
			developmentRegion = en;
			hasScannedForEncodings = 0;
			knownRegions = (
				en,
				Base,
			);
			mainGroup = B41121F22370DBC6003002F0;
			productRefGroup = B41121FC2370DBC6003002F0 /* Products */;
			projectDirPath = "";
			projectRoot = "";
			targets = (
				B41121FA2370DBC6003002F0 /* CustomUIButton */,
			);
		};
/* End PBXProject section */

/* Begin PBXResourcesBuildPhase section */
		B41121F92370DBC6003002F0 /* Resources */ = {
			isa = PBXResourcesBuildPhase;
			buildActionMask = 2147483647;
			files = (
				B411220B2370DBCC003002F0 /* LaunchScreen.storyboard in Resources */,
				B41122082370DBCC003002F0 /* Assets.xcassets in Resources */,
				B41122062370DBC6003002F0 /* Main.storyboard in Resources */,
			);
			runOnlyForDeploymentPostprocessing = 0;
		};
/* End PBXResourcesBuildPhase section */

/* Begin PBXSourcesBuildPhase section */
		B41121F72370DBC6003002F0 /* Sources */ = {
			isa = PBXSourcesBuildPhase;
			buildActionMask = 2147483647;
			files = (
				B41122132370DC13003002F0 /* MBButton.swift in Sources */,
				B41122032370DBC6003002F0 /* MBButtonVC.swift in Sources */,
				B41121FF2370DBC6003002F0 /* AppDelegate.swift in Sources */,
				B4112216237156F8003002F0 /* Color.swift in Sources */,
				B41122012370DBC6003002F0 /* SceneDelegate.swift in Sources */,
			);
			runOnlyForDeploymentPostprocessing = 0;
		};
/* End PBXSourcesBuildPhase section */

/* Begin PBXVariantGroup section */
		B41122042370DBC6003002F0 /* Main.storyboard */ = {
			isa = PBXVariantGroup;
			children = (
				B41122052370DBC6003002F0 /* Base */,
			);
			name = Main.storyboard;
			sourceTree = "<group>";
		};
		B41122092370DBCC003002F0 /* LaunchScreen.storyboard */ = {
			isa = PBXVariantGroup;
			children = (
				B411220A2370DBCC003002F0 /* Base */,
			);
			name = LaunchScreen.storyboard;
			sourceTree = "<group>";
		};
/* End PBXVariantGroup section */

/* Begin XCBuildConfiguration section */
		B411220D2370DBCC003002F0 /* Debug */ = {
			isa = XCBuildConfiguration;
			buildSettings = {
				ALWAYS_SEARCH_USER_PATHS = NO;
				CLANG_ANALYZER_NONNULL = YES;
				CLANG_ANALYZER_NUMBER_OBJECT_CONVERSION = YES_AGGRESSIVE;
				CLANG_CXX_LANGUAGE_STANDARD = "gnu++14";
				CLANG_CXX_LIBRARY = "libc++";
				CLANG_ENABLE_MODULES = YES;
				CLANG_ENABLE_OBJC_ARC = YES;
				CLANG_ENABLE_OBJC_WEAK = YES;
				CLANG_WARN_BLOCK_CAPTURE_AUTORELEASING = YES;
				CLANG_WARN_BOOL_CONVERSION = YES;
				CLANG_WARN_COMMA = YES;
				CLANG_WARN_CONSTANT_CONVERSION = YES;
				CLANG_WARN_DEPRECATED_OBJC_IMPLEMENTATIONS = YES;
				CLANG_WARN_DIRECT_OBJC_ISA_USAGE = YES_ERROR;
				CLANG_WARN_DOCUMENTATION_COMMENTS = YES;
				CLANG_WARN_EMPTY_BODY = YES;
				CLANG_WARN_ENUM_CONVERSION = YES;
				CLANG_WARN_INFINITE_RECURSION = YES;
				CLANG_WARN_INT_CONVERSION = YES;
				CLANG_WARN_NON_LITERAL_NULL_CONVERSION = YES;
				CLANG_WARN_OBJC_IMPLICIT_RETAIN_SELF = YES;
				CLANG_WARN_OBJC_LITERAL_CONVERSION = YES;
				CLANG_WARN_OBJC_ROOT_CLASS = YES_ERROR;
				CLANG_WARN_RANGE_LOOP_ANALYSIS = YES;
				CLANG_WARN_STRICT_PROTOTYPES = YES;
				CLANG_WARN_SUSPICIOUS_MOVE = YES;
				CLANG_WARN_UNGUARDED_AVAILABILITY = YES_AGGRESSIVE;
				CLANG_WARN_UNREACHABLE_CODE = YES;
				CLANG_WARN__DUPLICATE_METHOD_MATCH = YES;
				COPY_PHASE_STRIP = NO;
				DEBUG_INFORMATION_FORMAT = dwarf;
				ENABLE_STRICT_OBJC_MSGSEND = YES;
				ENABLE_TESTABILITY = YES;
				GCC_C_LANGUAGE_STANDARD = gnu11;
				GCC_DYNAMIC_NO_PIC = NO;
				GCC_NO_COMMON_BLOCKS = YES;
				GCC_OPTIMIZATION_LEVEL = 0;
				GCC_PREPROCESSOR_DEFINITIONS = (
					"DEBUG=1",
					"$(inherited)",
				);
				GCC_WARN_64_TO_32_BIT_CONVERSION = YES;
				GCC_WARN_ABOUT_RETURN_TYPE = YES_ERROR;
				GCC_WARN_UNDECLARED_SELECTOR = YES;
				GCC_WARN_UNINITIALIZED_AUTOS = YES_AGGRESSIVE;
				GCC_WARN_UNUSED_FUNCTION = YES;
				GCC_WARN_UNUSED_VARIABLE = YES;
				IPHONEOS_DEPLOYMENT_TARGET = 13.2;
				MTL_ENABLE_DEBUG_INFO = INCLUDE_SOURCE;
				MTL_FAST_MATH = YES;
				ONLY_ACTIVE_ARCH = YES;
				SDKROOT = iphoneos;
				SWIFT_ACTIVE_COMPILATION_CONDITIONS = DEBUG;
				SWIFT_OPTIMIZATION_LEVEL = "-Onone";
			};
			name = Debug;
		};
		B411220E2370DBCC003002F0 /* Release */ = {
			isa = XCBuildConfiguration;
			buildSettings = {
				ALWAYS_SEARCH_USER_PATHS = NO;
				CLANG_ANALYZER_NONNULL = YES;
				CLANG_ANALYZER_NUMBER_OBJECT_CONVERSION = YES_AGGRESSIVE;
				CLANG_CXX_LANGUAGE_STANDARD = "gnu++14";
				CLANG_CXX_LIBRARY = "libc++";
				CLANG_ENABLE_MODULES = YES;
				CLANG_ENABLE_OBJC_ARC = YES;
				CLANG_ENABLE_OBJC_WEAK = YES;
				CLANG_WARN_BLOCK_CAPTURE_AUTORELEASING = YES;
				CLANG_WARN_BOOL_CONVERSION = YES;
				CLANG_WARN_COMMA = YES;
				CLANG_WARN_CONSTANT_CONVERSION = YES;
				CLANG_WARN_DEPRECATED_OBJC_IMPLEMENTATIONS = YES;
				CLANG_WARN_DIRECT_OBJC_ISA_USAGE = YES_ERROR;
				CLANG_WARN_DOCUMENTATION_COMMENTS = YES;
				CLANG_WARN_EMPTY_BODY = YES;
				CLANG_WARN_ENUM_CONVERSION = YES;
				CLANG_WARN_INFINITE_RECURSION = YES;
				CLANG_WARN_INT_CONVERSION = YES;
				CLANG_WARN_NON_LITERAL_NULL_CONVERSION = YES;
				CLANG_WARN_OBJC_IMPLICIT_RETAIN_SELF = YES;
				CLANG_WARN_OBJC_LITERAL_CONVERSION = YES;
				CLANG_WARN_OBJC_ROOT_CLASS = YES_ERROR;
				CLANG_WARN_RANGE_LOOP_ANALYSIS = YES;
				CLANG_WARN_STRICT_PROTOTYPES = YES;
				CLANG_WARN_SUSPICIOUS_MOVE = YES;
				CLANG_WARN_UNGUARDED_AVAILABILITY = YES_AGGRESSIVE;
				CLANG_WARN_UNREACHABLE_CODE = YES;
				CLANG_WARN__DUPLICATE_METHOD_MATCH = YES;
				COPY_PHASE_STRIP = NO;
				DEBUG_INFORMATION_FORMAT = "dwarf-with-dsym";
				ENABLE_NS_ASSERTIONS = NO;
				ENABLE_STRICT_OBJC_MSGSEND = YES;
				GCC_C_LANGUAGE_STANDARD = gnu11;
				GCC_NO_COMMON_BLOCKS = YES;
				GCC_WARN_64_TO_32_BIT_CONVERSION = YES;
				GCC_WARN_ABOUT_RETURN_TYPE = YES_ERROR;
				GCC_WARN_UNDECLARED_SELECTOR = YES;
				GCC_WARN_UNINITIALIZED_AUTOS = YES_AGGRESSIVE;
				GCC_WARN_UNUSED_FUNCTION = YES;
				GCC_WARN_UNUSED_VARIABLE = YES;
				IPHONEOS_DEPLOYMENT_TARGET = 13.2;
				MTL_ENABLE_DEBUG_INFO = NO;
				MTL_FAST_MATH = YES;
				SDKROOT = iphoneos;
				SWIFT_COMPILATION_MODE = wholemodule;
				SWIFT_OPTIMIZATION_LEVEL = "-O";
				VALIDATE_PRODUCT = YES;
			};
			name = Release;
		};
		B41122102370DBCC003002F0 /* Debug */ = {
			isa = XCBuildConfiguration;
			buildSettings = {
				ASSETCATALOG_COMPILER_APPICON_NAME = AppIcon;
				CODE_SIGN_STYLE = Automatic;
				DEVELOPMENT_TEAM = KYHT7H6MRT;
				INFOPLIST_FILE = CustomUIButton/Info.plist;
				LD_RUNPATH_SEARCH_PATHS = (
					"$(inherited)",
					"@executable_path/Frameworks",
				);
				PRODUCT_BUNDLE_IDENTIFIER = com.wordpress.massimilianobonafedeios.CustomUIButton;
				PRODUCT_NAME = "$(TARGET_NAME)";
				SWIFT_VERSION = 5.0;
				TARGETED_DEVICE_FAMILY = "1,2";
			};
			name = Debug;
		};
		B41122112370DBCC003002F0 /* Release */ = {
			isa = XCBuildConfiguration;
			buildSettings = {
				ASSETCATALOG_COMPILER_APPICON_NAME = AppIcon;
				CODE_SIGN_STYLE = Automatic;
				DEVELOPMENT_TEAM = KYHT7H6MRT;
				INFOPLIST_FILE = CustomUIButton/Info.plist;
				LD_RUNPATH_SEARCH_PATHS = (
					"$(inherited)",
					"@executable_path/Frameworks",
				);
				PRODUCT_BUNDLE_IDENTIFIER = com.wordpress.massimilianobonafedeios.CustomUIButton;
				PRODUCT_NAME = "$(TARGET_NAME)";
				SWIFT_VERSION = 5.0;
				TARGETED_DEVICE_FAMILY = "1,2";
			};
			name = Release;
		};
/* End XCBuildConfiguration section */

/* Begin XCConfigurationList section */
		B41121F62370DBC6003002F0 /* Build configuration list for PBXProject "CustomUIButton" */ = {
			isa = XCConfigurationList;
			buildConfigurations = (
				B411220D2370DBCC003002F0 /* Debug */,
				B411220E2370DBCC003002F0 /* Release */,
			);
			defaultConfigurationIsVisible = 0;
			defaultConfigurationName = Release;
		};
		B411220F2370DBCC003002F0 /* Build configuration list for PBXNativeTarget "CustomUIButton" */ = {
			isa = XCConfigurationList;
			buildConfigurations = (
				B41122102370DBCC003002F0 /* Debug */,
				B41122112370DBCC003002F0 /* Release */,
			);
			defaultConfigurationIsVisible = 0;
			defaultConfigurationName = Release;
		};
/* End XCConfigurationList section */
	};
	rootObject = B41121F32370DBC6003002F0 /* Project object */;
}
